
Microsoft Visual Studio Solution File, Format Version 12.00
# Visual Studio Version 16
VisualStudioVersion = 16.0.31702.278
MinimumVisualStudioVersion = 10.0.40219.1
Project("{9A19103F-16F7-4668-BE54-9A1E7A4F7556}") = "SortedListDescending", "SortedListDescending.csproj", "{BAF4AA55-B636-4C5C-9ABC-ABD64A999856}"
EndProject
Project("{9A19103F-16F7-4668-BE54-9A1E7A4F7556}") = "TypeIdentifier", "..\TypeIdentifier\TypeIdentifier.csproj", "{0E6DBE2D-9E75-4E34-8917-C007376B6A09}"
EndProject
Project("{FAE04EC0-301F-11D3-BF4B-00C04F79EFBC}") = "StoreCharactersFromFile", "..\StoreCharactersFromFile\StoreCharactersFromFile.csproj", "{820FF699-8AE6-4D0A-998C-025AAA31F133}"
EndProject
Global
	GlobalSection(SolutionConfigurationPlatforms) = preSolution
		Debug|Any CPU = Debug|Any CPU
		Release|Any CPU = Release|Any CPU
	EndGlobalSection
	GlobalSection(ProjectConfigurationPlatforms) = postSolution
		{BAF4AA55-B636-4C5C-9ABC-ABD64A999856}.Debug|Any CPU.ActiveCfg = Debug|Any CPU
		{BAF4AA55-B636-4C5C-9ABC-ABD64A999856}.Debug|Any CPU.Build.0 = Debug|Any CPU
		{BAF4AA55-B636-4C5C-9ABC-ABD64A999856}.Release|Any CPU.ActiveCfg = Release|Any CPU
		{BAF4AA55-B636-4C5C-9ABC-ABD64A999856}.Release|Any CPU.Build.0 = Release|Any CPU
		{0E6DBE2D-9E75-4E34-8917-C007376B6A09}.Debug|Any CPU.ActiveCfg = Debug|Any CPU
		{0E6DBE2D-9E75-4E34-8917-C007376B6A09}.Debug|Any CPU.Build.0 = Debug|Any CPU
		{0E6DBE2D-9E75-4E34-8917-C007376B6A09}.Release|Any CPU.ActiveCfg = Release|Any CPU
		{0E6DBE2D-9E75-4E34-8917-C007376B6A09}.Release|Any CPU.Build.0 = Release|Any CPU
		{820FF699-8AE6-4D0A-998C-025AAA31F133}.Debug|Any CPU.ActiveCfg = Debug|Any CPU
		{820FF699-8AE6-4D0A-998C-025AAA31F133}.Debug|Any CPU.Build.0 = Debug|Any CPU
		{820FF699-8AE6-4D0A-998C-025AAA31F133}.Release|Any CPU.ActiveCfg = Release|Any CPU
		{820FF699-8AE6-4D0A-998C-025AAA31F133}.Release|Any CPU.Build.0 = Release|Any CPU
	EndGlobalSection
	GlobalSection(SolutionProperties) = preSolution
		HideSolutionNode = FALSE
	EndGlobalSection
	GlobalSection(ExtensibilityGlobals) = postSolution
		SolutionGuid = {7D032CAE-3597-4F40-A64D-2B8E63ED01A2}
	EndGlobalSection
EndGlobal
